
Microsoft Visual Studio Solution File, Format Version 12.00
# Visual Studio Version 17
VisualStudioVersion = 17.14.36203.30
MinimumVisualStudioVersion = 10.0.40219.1
Project("{FAE04EC0-301F-11D3-BF4B-00C04F79EFBC}") = "DotNet.HWindows", "DotNet.HWindows\DotNet.HWindows.csproj", "{C3346B57-E924-4ABB-844B-36D99379C55A}"
EndProject
Project("{FAE04EC0-301F-11D3-BF4B-00C04F79EFBC}") = "DotNet.Light", "DotNet.Light\DotNet.Light.csproj", "{238262E3-0000-4445-AD57-EE5D83D2505A}"
EndProject
Project("{FAE04EC0-301F-11D3-BF4B-00C04F79EFBC}") = "DotNet.SunnyUI", "DotNet.SunnyUI\DotNet.SunnyUI.csproj", "{475783DE-7C23-4E14-AAE8-C303F06FCB51}"
EndProject
Project("{FAE04EC0-301F-11D3-BF4B-00C04F79EFBC}") = "DotNet.SecsGem", "DotNet.SecsGem\DotNet.SecsGem.csproj", "{389B0907-06E3-46B6-A60B-413D52CF7EBF}"
EndProject
Project("{2150E333-8FDC-42A3-9474-1A3956D46DE8}") = "Tests", "Tests", "{02EA681E-C7D8-13C7-8484-4AC65E1B71E8}"
EndProject
Project("{2150E333-8FDC-42A3-9474-1A3956D46DE8}") = "Using", "Using", "{C3853247-25A3-492D-87FA-AC25EDCB5934}"
EndProject
Project("{2150E333-8FDC-42A3-9474-1A3956D46DE8}") = "Library", "Library", "{741B78FC-BA83-4FD4-A5B2-C444BC1773C4}"
EndProject
Project("{FAE04EC0-301F-11D3-BF4B-00C04F79EFBC}") = "DotNet.VisionMaster", "DotNet.VisionMaster\DotNet.VisionMaster.csproj", "{05DB6968-170A-4786-8DF3-FC401E406EDD}"
EndProject
Project("{2150E333-8FDC-42A3-9474-1A3956D46DE8}") = "Preview", "Preview", "{7BF5F4A7-A50B-4CF7-8E7D-0A05D52D0058}"
EndProject
Project("{FAE04EC0-301F-11D3-BF4B-00C04F79EFBC}") = "DotNet.Motions", "DotNet.Motions\DotNet.Motions.csproj", "{6B8A2440-A617-4288-BACA-D34746595F21}"
EndProject
Project("{FAE04EC0-301F-11D3-BF4B-00C04F79EFBC}") = "DotNet.Versions", "DotNet.Versions\DotNet.Versions.csproj", "{D757B267-90A7-4B5D-B397-BCF7EFD68E3F}"
EndProject
Project("{FAE04EC0-301F-11D3-BF4B-00C04F79EFBC}") = "DotNet.License", "DotNet.License\DotNet.License.csproj", "{121FF435-B2F8-4322-9728-AD3E31956BD1}"
EndProject
Project("{FAE04EC0-301F-11D3-BF4B-00C04F79EFBC}") = "DotNet.Logging-old", "DotNet.Logging-old\DotNet.Logging-old.csproj", "{5F737136-028E-45C6-BF44-B9E466F60768}"
EndProject
Project("{FAE04EC0-301F-11D3-BF4B-00C04F79EFBC}") = "DotNet.CvHalcon", "DotNet.CvHalcon\DotNet.CvHalcon.csproj", "{00384363-182C-4771-BAB2-F75C32750EFF}"
EndProject
Global
	GlobalSection(SolutionConfigurationPlatforms) = preSolution
		Debug|Any CPU = Debug|Any CPU
		Release|Any CPU = Release|Any CPU
	EndGlobalSection
	GlobalSection(ProjectConfigurationPlatforms) = postSolution
		{C3346B57-E924-4ABB-844B-36D99379C55A}.Debug|Any CPU.ActiveCfg = Debug|Any CPU
		{C3346B57-E924-4ABB-844B-36D99379C55A}.Debug|Any CPU.Build.0 = Debug|Any CPU
		{C3346B57-E924-4ABB-844B-36D99379C55A}.Release|Any CPU.ActiveCfg = Release|Any CPU
		{C3346B57-E924-4ABB-844B-36D99379C55A}.Release|Any CPU.Build.0 = Release|Any CPU
		{238262E3-0000-4445-AD57-EE5D83D2505A}.Debug|Any CPU.ActiveCfg = Debug|Any CPU
		{238262E3-0000-4445-AD57-EE5D83D2505A}.Debug|Any CPU.Build.0 = Debug|Any CPU
		{238262E3-0000-4445-AD57-EE5D83D2505A}.Release|Any CPU.ActiveCfg = Release|Any CPU
		{238262E3-0000-4445-AD57-EE5D83D2505A}.Release|Any CPU.Build.0 = Release|Any CPU
		{475783DE-7C23-4E14-AAE8-C303F06FCB51}.Debug|Any CPU.ActiveCfg = Debug|Any CPU
		{475783DE-7C23-4E14-AAE8-C303F06FCB51}.Debug|Any CPU.Build.0 = Debug|Any CPU
		{475783DE-7C23-4E14-AAE8-C303F06FCB51}.Release|Any CPU.ActiveCfg = Release|Any CPU
		{475783DE-7C23-4E14-AAE8-C303F06FCB51}.Release|Any CPU.Build.0 = Release|Any CPU
		{389B0907-06E3-46B6-A60B-413D52CF7EBF}.Debug|Any CPU.ActiveCfg = Debug|Any CPU
		{389B0907-06E3-46B6-A60B-413D52CF7EBF}.Debug|Any CPU.Build.0 = Debug|Any CPU
		{389B0907-06E3-46B6-A60B-413D52CF7EBF}.Release|Any CPU.ActiveCfg = Release|Any CPU
		{389B0907-06E3-46B6-A60B-413D52CF7EBF}.Release|Any CPU.Build.0 = Release|Any CPU
		{05DB6968-170A-4786-8DF3-FC401E406EDD}.Debug|Any CPU.ActiveCfg = Debug|Any CPU
		{05DB6968-170A-4786-8DF3-FC401E406EDD}.Debug|Any CPU.Build.0 = Debug|Any CPU
		{05DB6968-170A-4786-8DF3-FC401E406EDD}.Release|Any CPU.ActiveCfg = Release|Any CPU
		{05DB6968-170A-4786-8DF3-FC401E406EDD}.Release|Any CPU.Build.0 = Release|Any CPU
		{6B8A2440-A617-4288-BACA-D34746595F21}.Debug|Any CPU.ActiveCfg = Debug|Any CPU
		{6B8A2440-A617-4288-BACA-D34746595F21}.Debug|Any CPU.Build.0 = Debug|Any CPU
		{6B8A2440-A617-4288-BACA-D34746595F21}.Release|Any CPU.ActiveCfg = Release|Any CPU
		{6B8A2440-A617-4288-BACA-D34746595F21}.Release|Any CPU.Build.0 = Release|Any CPU
		{D757B267-90A7-4B5D-B397-BCF7EFD68E3F}.Debug|Any CPU.ActiveCfg = Debug|Any CPU
		{D757B267-90A7-4B5D-B397-BCF7EFD68E3F}.Debug|Any CPU.Build.0 = Debug|Any CPU
		{D757B267-90A7-4B5D-B397-BCF7EFD68E3F}.Release|Any CPU.ActiveCfg = Release|Any CPU
		{D757B267-90A7-4B5D-B397-BCF7EFD68E3F}.Release|Any CPU.Build.0 = Release|Any CPU
		{121FF435-B2F8-4322-9728-AD3E31956BD1}.Debug|Any CPU.ActiveCfg = Debug|Any CPU
		{121FF435-B2F8-4322-9728-AD3E31956BD1}.Debug|Any CPU.Build.0 = Debug|Any CPU
		{121FF435-B2F8-4322-9728-AD3E31956BD1}.Release|Any CPU.ActiveCfg = Release|Any CPU
		{121FF435-B2F8-4322-9728-AD3E31956BD1}.Release|Any CPU.Build.0 = Release|Any CPU
		{5F737136-028E-45C6-BF44-B9E466F60768}.Debug|Any CPU.ActiveCfg = Debug|Any CPU
		{5F737136-028E-45C6-BF44-B9E466F60768}.Debug|Any CPU.Build.0 = Debug|Any CPU
		{5F737136-028E-45C6-BF44-B9E466F60768}.Release|Any CPU.ActiveCfg = Release|Any CPU
		{5F737136-028E-45C6-BF44-B9E466F60768}.Release|Any CPU.Build.0 = Release|Any CPU
		{00384363-182C-4771-BAB2-F75C32750EFF}.Debug|Any CPU.ActiveCfg = Debug|Any CPU
		{00384363-182C-4771-BAB2-F75C32750EFF}.Debug|Any CPU.Build.0 = Debug|Any CPU
		{00384363-182C-4771-BAB2-F75C32750EFF}.Release|Any CPU.ActiveCfg = Release|Any CPU
		{00384363-182C-4771-BAB2-F75C32750EFF}.Release|Any CPU.Build.0 = Release|Any CPU
	EndGlobalSection
	GlobalSection(SolutionProperties) = preSolution
		HideSolutionNode = FALSE
	EndGlobalSection
	GlobalSection(NestedProjects) = preSolution
		{C3346B57-E924-4ABB-844B-36D99379C55A} = {741B78FC-BA83-4FD4-A5B2-C444BC1773C4}
		{238262E3-0000-4445-AD57-EE5D83D2505A} = {741B78FC-BA83-4FD4-A5B2-C444BC1773C4}
		{475783DE-7C23-4E14-AAE8-C303F06FCB51} = {741B78FC-BA83-4FD4-A5B2-C444BC1773C4}
		{389B0907-06E3-46B6-A60B-413D52CF7EBF} = {741B78FC-BA83-4FD4-A5B2-C444BC1773C4}
		{05DB6968-170A-4786-8DF3-FC401E406EDD} = {C3853247-25A3-492D-87FA-AC25EDCB5934}
		{6B8A2440-A617-4288-BACA-D34746595F21} = {741B78FC-BA83-4FD4-A5B2-C444BC1773C4}
		{D757B267-90A7-4B5D-B397-BCF7EFD68E3F} = {741B78FC-BA83-4FD4-A5B2-C444BC1773C4}
		{121FF435-B2F8-4322-9728-AD3E31956BD1} = {741B78FC-BA83-4FD4-A5B2-C444BC1773C4}
		{5F737136-028E-45C6-BF44-B9E466F60768} = {741B78FC-BA83-4FD4-A5B2-C444BC1773C4}
		{00384363-182C-4771-BAB2-F75C32750EFF} = {7BF5F4A7-A50B-4CF7-8E7D-0A05D52D0058}
	EndGlobalSection
	GlobalSection(ExtensibilityGlobals) = postSolution
		SolutionGuid = {85015248-7E70-49E3-B9EE-6AD3B0689B2B}
	EndGlobalSection
EndGlobal
