
Microsoft Visual Studio Solution File, Format Version 12.00
# Visual Studio Version 17
VisualStudioVersion = 17.14.36203.30
MinimumVisualStudioVersion = 10.0.40219.1
Project("{2150E333-8FDC-42A3-9474-1A3956D46DE8}") = "Using", "Using", "{C3853247-25A3-492D-87FA-AC25EDCB5934}"
EndProject
Project("{2150E333-8FDC-42A3-9474-1A3956D46DE8}") = "Library", "Library", "{741B78FC-BA83-4FD4-A5B2-C444BC1773C4}"
EndProject
Project("{FAE04EC0-301F-11D3-BF4B-00C04F79EFBC}") = "DotNet.Excel", "Library\DotNet.Excel\DotNet.Excel.csproj", "{66313CA7-8FED-4D1D-ACEB-71CB2909A09C}"
EndProject
Project("{FAE04EC0-301F-11D3-BF4B-00C04F79EFBC}") = "DotNet.Extension", "Library\DotNet.Extension\DotNet.Extension.csproj", "{B1ED16C4-1623-4764-8922-96121AD2E207}"
EndProject
Project("{FAE04EC0-301F-11D3-BF4B-00C04F79EFBC}") = "DotNet.Logging", "Library\DotNet.Logging\DotNet.Logging.csproj", "{61B8513D-A49F-451E-B525-A7DB5692CD32}"
EndProject
Project("{FAE04EC0-301F-11D3-BF4B-00C04F79EFBC}") = "DotNet.Modbus4", "Library\DotNet.Modbus4\DotNet.Modbus4.csproj", "{EB1364A3-4EB6-45F5-A566-107B8E504788}"
EndProject
Project("{FAE04EC0-301F-11D3-BF4B-00C04F79EFBC}") = "DotNet.Data", "Library\DotNet.Data\DotNet.Data.csproj", "{5C5F27FB-2B8D-4212-A788-FF51177CFB9F}"
EndProject
Project("{FAE04EC0-301F-11D3-BF4B-00C04F79EFBC}") = "DotNet.VisionDemo", "Preview\DotNet.VisionDemo\DotNet.VisionDemo.csproj", "{345CF7B8-AA9C-449F-9A0A-3E291207B4CE}"
EndProject
Project("{2150E333-8FDC-42A3-9474-1A3956D46DE8}") = "UnitTest", "UnitTest", "{02EA681E-C7D8-13C7-8484-4AC65E1B71E8}"
EndProject
Project("{2150E333-8FDC-42A3-9474-1A3956D46DE8}") = "Demo", "Demo", "{30C2BFC6-9A8F-4319-AD32-C55C30941C8E}"
EndProject
Project("{FAE04EC0-301F-11D3-BF4B-00C04F79EFBC}") = "DotNet.Drawing.Tests", "UnitTest\DotNet.Drawing.Tests\DotNet.Drawing.Tests.csproj", "{2AB781CF-0E9C-450C-9828-FA9F62268817}"
EndProject
Project("{FAE04EC0-301F-11D3-BF4B-00C04F79EFBC}") = "DotNet.HalconAlgo.Tests", "UnitTest\DotNet.HalconAlgo.Tests\DotNet.HalconAlgo.Tests.csproj", "{CDBB7A88-AA92-41B6-96B7-CAA986BA06B4}"
EndProject
Project("{FAE04EC0-301F-11D3-BF4B-00C04F79EFBC}") = "DotNet.HalconUI.Tests", "UnitTest\DotNet.HalconUI.Tests\DotNet.HalconUI.Tests.csproj", "{95CD61CA-C6DB-4B4E-8988-5093DCC219F6}"
EndProject
Project("{FAE04EC0-301F-11D3-BF4B-00C04F79EFBC}") = "DotNet.VisionMaster.Tests", "UnitTest\DotNet.VisionMaster.Tests\DotNet.VisionMaster.Tests.csproj", "{34FE2984-4ED6-4BA7-BBF2-8C45D254E89F}"
EndProject
Project("{FAE04EC0-301F-11D3-BF4B-00C04F79EFBC}") = "DotNet.HalconAlgo", "Using\DotNet.HalconAlgo\DotNet.HalconAlgo.csproj", "{90FFD348-89AE-46AD-995F-780490A7865F}"
EndProject
Project("{FAE04EC0-301F-11D3-BF4B-00C04F79EFBC}") = "DotNet.HalconCore", "Using\DotNet.HalconCore\DotNet.HalconCore.csproj", "{7B2E4C10-9D6A-4F31-A5C8-3E0B1D742F96}"
EndProject
Project("{FAE04EC0-301F-11D3-BF4B-00C04F79EFBC}") = "DotNet.HalconUI", "Using\DotNet.HalconUI\DotNet.HalconUI.csproj", "{F64662FA-E352-43AE-9B06-2E1ECFB1F205}"
EndProject
Project("{FAE04EC0-301F-11D3-BF4B-00C04F79EFBC}") = "DotNet.VisionMaster", "Using\DotNet.VisionMaster\DotNet.VisionMaster.csproj", "{05DB6968-170A-4786-8DF3-FC401E406EDD}"
EndProject
Project("{FAE04EC0-301F-11D3-BF4B-00C04F79EFBC}") = "DotNet.Drawing", "Using\DotNet.Drawing\DotNet.Drawing.csproj", "{CE09ACC5-0E8D-4D7D-AA2B-D47B837F2CD2}"
EndProject
Project("{FAE04EC0-301F-11D3-BF4B-00C04F79EFBC}") = "DotNet.SamplePlugin", "UnitTest\DotNet.SamplePlugin\DotNet.SamplePlugin.csproj", "{6E4B0C1A-3F7D-4A52-9C8E-2B1D5F0A7E31}"
EndProject
Project("{FAE04EC0-301F-11D3-BF4B-00C04F79EFBC}") = "DotNet.VisionRuntime", "Using\DotNet.VisionRuntime\DotNet.VisionRuntime.csproj", "{A3C51E72-6B0D-4F8E-9C24-71D5E0B3F481}"
EndProject
Project("{FAE04EC0-301F-11D3-BF4B-00C04F79EFBC}") = "DotNet.VisionRuntime.Tests", "UnitTest\DotNet.VisionRuntime.Tests\DotNet.VisionRuntime.Tests.csproj", "{D82F4B19-3E6A-4C07-B5D1-9A0E7C6F2B53}"
EndProject
Global
	GlobalSection(SolutionConfigurationPlatforms) = preSolution
		Debug|Any CPU = Debug|Any CPU
		Release|Any CPU = Release|Any CPU
	EndGlobalSection
	GlobalSection(ProjectConfigurationPlatforms) = postSolution
		{66313CA7-8FED-4D1D-ACEB-71CB2909A09C}.Debug|Any CPU.ActiveCfg = Debug|Any CPU
		{66313CA7-8FED-4D1D-ACEB-71CB2909A09C}.Debug|Any CPU.Build.0 = Debug|Any CPU
		{66313CA7-8FED-4D1D-ACEB-71CB2909A09C}.Release|Any CPU.ActiveCfg = Release|Any CPU
		{66313CA7-8FED-4D1D-ACEB-71CB2909A09C}.Release|Any CPU.Build.0 = Release|Any CPU
		{B1ED16C4-1623-4764-8922-96121AD2E207}.Debug|Any CPU.ActiveCfg = Debug|Any CPU
		{B1ED16C4-1623-4764-8922-96121AD2E207}.Debug|Any CPU.Build.0 = Debug|Any CPU
		{B1ED16C4-1623-4764-8922-96121AD2E207}.Release|Any CPU.ActiveCfg = Release|Any CPU
		{B1ED16C4-1623-4764-8922-96121AD2E207}.Release|Any CPU.Build.0 = Release|Any CPU
		{61B8513D-A49F-451E-B525-A7DB5692CD32}.Debug|Any CPU.ActiveCfg = Debug|Any CPU
		{61B8513D-A49F-451E-B525-A7DB5692CD32}.Debug|Any CPU.Build.0 = Debug|Any CPU
		{61B8513D-A49F-451E-B525-A7DB5692CD32}.Release|Any CPU.ActiveCfg = Release|Any CPU
		{61B8513D-A49F-451E-B525-A7DB5692CD32}.Release|Any CPU.Build.0 = Release|Any CPU
		{EB1364A3-4EB6-45F5-A566-107B8E504788}.Debug|Any CPU.ActiveCfg = Debug|Any CPU
		{EB1364A3-4EB6-45F5-A566-107B8E504788}.Debug|Any CPU.Build.0 = Debug|Any CPU
		{EB1364A3-4EB6-45F5-A566-107B8E504788}.Release|Any CPU.ActiveCfg = Release|Any CPU
		{EB1364A3-4EB6-45F5-A566-107B8E504788}.Release|Any CPU.Build.0 = Release|Any CPU
		{5C5F27FB-2B8D-4212-A788-FF51177CFB9F}.Debug|Any CPU.ActiveCfg = Debug|Any CPU
		{5C5F27FB-2B8D-4212-A788-FF51177CFB9F}.Debug|Any CPU.Build.0 = Debug|Any CPU
		{5C5F27FB-2B8D-4212-A788-FF51177CFB9F}.Release|Any CPU.ActiveCfg = Release|Any CPU
		{5C5F27FB-2B8D-4212-A788-FF51177CFB9F}.Release|Any CPU.Build.0 = Release|Any CPU
		{345CF7B8-AA9C-449F-9A0A-3E291207B4CE}.Debug|Any CPU.ActiveCfg = Debug|Any CPU
		{345CF7B8-AA9C-449F-9A0A-3E291207B4CE}.Debug|Any CPU.Build.0 = Debug|Any CPU
		{345CF7B8-AA9C-449F-9A0A-3E291207B4CE}.Release|Any CPU.ActiveCfg = Release|Any CPU
		{345CF7B8-AA9C-449F-9A0A-3E291207B4CE}.Release|Any CPU.Build.0 = Release|Any CPU
		{2AB781CF-0E9C-450C-9828-FA9F62268817}.Debug|Any CPU.ActiveCfg = Debug|Any CPU
		{2AB781CF-0E9C-450C-9828-FA9F62268817}.Debug|Any CPU.Build.0 = Debug|Any CPU
		{2AB781CF-0E9C-450C-9828-FA9F62268817}.Release|Any CPU.ActiveCfg = Release|Any CPU
		{2AB781CF-0E9C-450C-9828-FA9F62268817}.Release|Any CPU.Build.0 = Release|Any CPU
		{CDBB7A88-AA92-41B6-96B7-CAA986BA06B4}.Debug|Any CPU.ActiveCfg = Debug|Any CPU
		{CDBB7A88-AA92-41B6-96B7-CAA986BA06B4}.Debug|Any CPU.Build.0 = Debug|Any CPU
		{CDBB7A88-AA92-41B6-96B7-CAA986BA06B4}.Release|Any CPU.ActiveCfg = Release|Any CPU
		{CDBB7A88-AA92-41B6-96B7-CAA986BA06B4}.Release|Any CPU.Build.0 = Release|Any CPU
		{95CD61CA-C6DB-4B4E-8988-5093DCC219F6}.Debug|Any CPU.ActiveCfg = Debug|Any CPU
		{95CD61CA-C6DB-4B4E-8988-5093DCC219F6}.Debug|Any CPU.Build.0 = Debug|Any CPU
		{95CD61CA-C6DB-4B4E-8988-5093DCC219F6}.Release|Any CPU.ActiveCfg = Release|Any CPU
		{95CD61CA-C6DB-4B4E-8988-5093DCC219F6}.Release|Any CPU.Build.0 = Release|Any CPU
		{34FE2984-4ED6-4BA7-BBF2-8C45D254E89F}.Debug|Any CPU.ActiveCfg = Debug|Any CPU
		{34FE2984-4ED6-4BA7-BBF2-8C45D254E89F}.Debug|Any CPU.Build.0 = Debug|Any CPU
		{34FE2984-4ED6-4BA7-BBF2-8C45D254E89F}.Release|Any CPU.ActiveCfg = Release|Any CPU
		{34FE2984-4ED6-4BA7-BBF2-8C45D254E89F}.Release|Any CPU.Build.0 = Release|Any CPU
		{90FFD348-89AE-46AD-995F-780490A7865F}.Debug|Any CPU.ActiveCfg = Debug|Any CPU
		{90FFD348-89AE-46AD-995F-780490A7865F}.Debug|Any CPU.Build.0 = Debug|Any CPU
		{90FFD348-89AE-46AD-995F-780490A7865F}.Release|Any CPU.ActiveCfg = Release|Any CPU
		{90FFD348-89AE-46AD-995F-780490A7865F}.Release|Any CPU.Build.0 = Release|Any CPU
		{7B2E4C10-9D6A-4F31-A5C8-3E0B1D742F96}.Debug|Any CPU.ActiveCfg = Debug|Any CPU
		{7B2E4C10-9D6A-4F31-A5C8-3E0B1D742F96}.Debug|Any CPU.Build.0 = Debug|Any CPU
		{7B2E4C10-9D6A-4F31-A5C8-3E0B1D742F96}.Release|Any CPU.ActiveCfg = Release|Any CPU
		{7B2E4C10-9D6A-4F31-A5C8-3E0B1D742F96}.Release|Any CPU.Build.0 = Release|Any CPU
		{F64662FA-E352-43AE-9B06-2E1ECFB1F205}.Debug|Any CPU.ActiveCfg = Debug|Any CPU
		{F64662FA-E352-43AE-9B06-2E1ECFB1F205}.Debug|Any CPU.Build.0 = Debug|Any CPU
		{F64662FA-E352-43AE-9B06-2E1ECFB1F205}.Release|Any CPU.ActiveCfg = Release|Any CPU
		{F64662FA-E352-43AE-9B06-2E1ECFB1F205}.Release|Any CPU.Build.0 = Release|Any CPU
		{05DB6968-170A-4786-8DF3-FC401E406EDD}.Debug|Any CPU.ActiveCfg = Debug|Any CPU
		{05DB6968-170A-4786-8DF3-FC401E406EDD}.Debug|Any CPU.Build.0 = Debug|Any CPU
		{05DB6968-170A-4786-8DF3-FC401E406EDD}.Release|Any CPU.ActiveCfg = Release|Any CPU
		{05DB6968-170A-4786-8DF3-FC401E406EDD}.Release|Any CPU.Build.0 = Release|Any CPU
		{CE09ACC5-0E8D-4D7D-AA2B-D47B837F2CD2}.Debug|Any CPU.ActiveCfg = Debug|Any CPU
		{CE09ACC5-0E8D-4D7D-AA2B-D47B837F2CD2}.Debug|Any CPU.Build.0 = Debug|Any CPU
		{CE09ACC5-0E8D-4D7D-AA2B-D47B837F2CD2}.Release|Any CPU.ActiveCfg = Release|Any CPU
		{CE09ACC5-0E8D-4D7D-AA2B-D47B837F2CD2}.Release|Any CPU.Build.0 = Release|Any CPU
		{6E4B0C1A-3F7D-4A52-9C8E-2B1D5F0A7E31}.Debug|Any CPU.ActiveCfg = Debug|Any CPU
		{6E4B0C1A-3F7D-4A52-9C8E-2B1D5F0A7E31}.Debug|Any CPU.Build.0 = Debug|Any CPU
		{6E4B0C1A-3F7D-4A52-9C8E-2B1D5F0A7E31}.Release|Any CPU.ActiveCfg = Release|Any CPU
		{6E4B0C1A-3F7D-4A52-9C8E-2B1D5F0A7E31}.Release|Any CPU.Build.0 = Release|Any CPU
		{A3C51E72-6B0D-4F8E-9C24-71D5E0B3F481}.Debug|Any CPU.ActiveCfg = Debug|Any CPU
		{A3C51E72-6B0D-4F8E-9C24-71D5E0B3F481}.Debug|Any CPU.Build.0 = Debug|Any CPU
		{A3C51E72-6B0D-4F8E-9C24-71D5E0B3F481}.Release|Any CPU.ActiveCfg = Release|Any CPU
		{A3C51E72-6B0D-4F8E-9C24-71D5E0B3F481}.Release|Any CPU.Build.0 = Release|Any CPU
		{D82F4B19-3E6A-4C07-B5D1-9A0E7C6F2B53}.Debug|Any CPU.ActiveCfg = Debug|Any CPU
		{D82F4B19-3E6A-4C07-B5D1-9A0E7C6F2B53}.Debug|Any CPU.Build.0 = Debug|Any CPU
		{D82F4B19-3E6A-4C07-B5D1-9A0E7C6F2B53}.Release|Any CPU.ActiveCfg = Release|Any CPU
		{D82F4B19-3E6A-4C07-B5D1-9A0E7C6F2B53}.Release|Any CPU.Build.0 = Release|Any CPU
	EndGlobalSection
	GlobalSection(SolutionProperties) = preSolution
		HideSolutionNode = FALSE
	EndGlobalSection
	GlobalSection(NestedProjects) = preSolution
		{66313CA7-8FED-4D1D-ACEB-71CB2909A09C} = {741B78FC-BA83-4FD4-A5B2-C444BC1773C4}
		{B1ED16C4-1623-4764-8922-96121AD2E207} = {741B78FC-BA83-4FD4-A5B2-C444BC1773C4}
		{61B8513D-A49F-451E-B525-A7DB5692CD32} = {741B78FC-BA83-4FD4-A5B2-C444BC1773C4}
		{EB1364A3-4EB6-45F5-A566-107B8E504788} = {741B78FC-BA83-4FD4-A5B2-C444BC1773C4}
		{5C5F27FB-2B8D-4212-A788-FF51177CFB9F} = {741B78FC-BA83-4FD4-A5B2-C444BC1773C4}
		{345CF7B8-AA9C-449F-9A0A-3E291207B4CE} = {30C2BFC6-9A8F-4319-AD32-C55C30941C8E}
		{2AB781CF-0E9C-450C-9828-FA9F62268817} = {02EA681E-C7D8-13C7-8484-4AC65E1B71E8}
		{CDBB7A88-AA92-41B6-96B7-CAA986BA06B4} = {02EA681E-C7D8-13C7-8484-4AC65E1B71E8}
		{95CD61CA-C6DB-4B4E-8988-5093DCC219F6} = {02EA681E-C7D8-13C7-8484-4AC65E1B71E8}
		{34FE2984-4ED6-4BA7-BBF2-8C45D254E89F} = {02EA681E-C7D8-13C7-8484-4AC65E1B71E8}
		{90FFD348-89AE-46AD-995F-780490A7865F} = {C3853247-25A3-492D-87FA-AC25EDCB5934}
		{7B2E4C10-9D6A-4F31-A5C8-3E0B1D742F96} = {C3853247-25A3-492D-87FA-AC25EDCB5934}
		{F64662FA-E352-43AE-9B06-2E1ECFB1F205} = {C3853247-25A3-492D-87FA-AC25EDCB5934}
		{05DB6968-170A-4786-8DF3-FC401E406EDD} = {C3853247-25A3-492D-87FA-AC25EDCB5934}
		{CE09ACC5-0E8D-4D7D-AA2B-D47B837F2CD2} = {C3853247-25A3-492D-87FA-AC25EDCB5934}
		{6E4B0C1A-3F7D-4A52-9C8E-2B1D5F0A7E31} = {02EA681E-C7D8-13C7-8484-4AC65E1B71E8}
		{A3C51E72-6B0D-4F8E-9C24-71D5E0B3F481} = {C3853247-25A3-492D-87FA-AC25EDCB5934}
		{D82F4B19-3E6A-4C07-B5D1-9A0E7C6F2B53} = {02EA681E-C7D8-13C7-8484-4AC65E1B71E8}
	EndGlobalSection
	GlobalSection(ExtensibilityGlobals) = postSolution
		SolutionGuid = {85015248-7E70-49E3-B9EE-6AD3B0689B2B}
	EndGlobalSection
EndGlobal
